
Microsoft Visual Studio Solution File, Format Version 12.00
# Visual Studio Version 17
VisualStudioVersion = 17.6.33829.357
MinimumVisualStudioVersion = 10.0.40219.1
Project("{FAE04EC0-301F-11D3-BF4B-00C04F79EFBC}") = "Entity", "Entity\Entity.csproj", "{F73CC3E0-335D-4A6A-B3C0-20FA8F37F4BF}"
EndProject
Project("{FAE04EC0-301F-11D3-BF4B-00C04F79EFBC}") = "DataAccess", "DataAccess\DataAccess.csproj", "{60DB52BD-2055-4052-9D17-B82814FDCD73}"
EndProject
Project("{FAE04EC0-301F-11D3-BF4B-00C04F79EFBC}") = "UI", "UI\UI.csproj", "{9C15D4A0-6EA5-4CE5-AB83-BDAD1007CE52}"
EndProject
Project("{FAE04EC0-301F-11D3-BF4B-00C04F79EFBC}") = "Dtos", "Dtos\Dtos.csproj", "{262EB268-FE6B-4CB1-A5CE-CECB98A8C00B}"
EndProject
Project("{FAE04EC0-301F-11D3-BF4B-00C04F79EFBC}") = "Core", "Core\Core.csproj", "{85D935C7-8259-4BBE-B911-7C409ABF8358}"
EndProject
Project("{FAE04EC0-301F-11D3-BF4B-00C04F79EFBC}") = "Business", "Business\Business.csproj", "{C11FD32F-2BFD-4014-9AD9-C98426AA3C6E}"
EndProject
Global
	GlobalSection(SolutionConfigurationPlatforms) = preSolution
		Debug|Any CPU = Debug|Any CPU
		Release|Any CPU = Release|Any CPU
	EndGlobalSection
	GlobalSection(ProjectConfigurationPlatforms) = postSolution
		{F73CC3E0-335D-4A6A-B3C0-20FA8F37F4BF}.Debug|Any CPU.ActiveCfg = Debug|Any CPU
		{F73CC3E0-335D-4A6A-B3C0-20FA8F37F4BF}.Debug|Any CPU.Build.0 = Debug|Any CPU
		{F73CC3E0-335D-4A6A-B3C0-20FA8F37F4BF}.Release|Any CPU.ActiveCfg = Release|Any CPU
		{F73CC3E0-335D-4A6A-B3C0-20FA8F37F4BF}.Release|Any CPU.Build.0 = Release|Any CPU
		{60DB52BD-2055-4052-9D17-B82814FDCD73}.Debug|Any CPU.ActiveCfg = Debug|Any CPU
		{60DB52BD-2055-4052-9D17-B82814FDCD73}.Debug|Any CPU.Build.0 = Debug|Any CPU
		{60DB52BD-2055-4052-9D17-B82814FDCD73}.Release|Any CPU.ActiveCfg = Release|Any CPU
		{60DB52BD-2055-4052-9D17-B82814FDCD73}.Release|Any CPU.Build.0 = Release|Any CPU
		{9C15D4A0-6EA5-4CE5-AB83-BDAD1007CE52}.Debug|Any CPU.ActiveCfg = Debug|Any CPU
		{9C15D4A0-6EA5-4CE5-AB83-BDAD1007CE52}.Debug|Any CPU.Build.0 = Debug|Any CPU
		{9C15D4A0-6EA5-4CE5-AB83-BDAD1007CE52}.Release|Any CPU.ActiveCfg = Release|Any CPU
		{9C15D4A0-6EA5-4CE5-AB83-BDAD1007CE52}.Release|Any CPU.Build.0 = Release|Any CPU
		{262EB268-FE6B-4CB1-A5CE-CECB98A8C00B}.Debug|Any CPU.ActiveCfg = Debug|Any CPU
		{262EB268-FE6B-4CB1-A5CE-CECB98A8C00B}.Debug|Any CPU.Build.0 = Debug|Any CPU
		{262EB268-FE6B-4CB1-A5CE-CECB98A8C00B}.Release|Any CPU.ActiveCfg = Release|Any CPU
		{262EB268-FE6B-4CB1-A5CE-CECB98A8C00B}.Release|Any CPU.Build.0 = Release|Any CPU
		{85D935C7-8259-4BBE-B911-7C409ABF8358}.Debug|Any CPU.ActiveCfg = Debug|Any CPU
		{85D935C7-8259-4BBE-B911-7C409ABF8358}.Debug|Any CPU.Build.0 = Debug|Any CPU
		{85D935C7-8259-4BBE-B911-7C409ABF8358}.Release|Any CPU.ActiveCfg = Release|Any CPU
		{85D935C7-8259-4BBE-B911-7C409ABF8358}.Release|Any CPU.Build.0 = Release|Any CPU
		{C11FD32F-2BFD-4014-9AD9-C98426AA3C6E}.Debug|Any CPU.ActiveCfg = Debug|Any CPU
		{C11FD32F-2BFD-4014-9AD9-C98426AA3C6E}.Debug|Any CPU.Build.0 = Debug|Any CPU
		{C11FD32F-2BFD-4014-9AD9-C98426AA3C6E}.Release|Any CPU.ActiveCfg = Release|Any CPU
		{C11FD32F-2BFD-4014-9AD9-C98426AA3C6E}.Release|Any CPU.Build.0 = Release|Any CPU
	EndGlobalSection
	GlobalSection(SolutionProperties) = preSolution
		HideSolutionNode = FALSE
	EndGlobalSection
	GlobalSection(ExtensibilityGlobals) = postSolution
		SolutionGuid = {8F5092B1-48AB-484A-A2E7-BC0E9E314D96}
	EndGlobalSection
EndGlobal
